
Microsoft Visual Studio Solution File, Format Version 12.00
# Visual Studio Version 16
VisualStudioVersion = 16.0.31321.278
MinimumVisualStudioVersion = 10.0.40219.1
Project("{FAE04EC0-301F-11D3-BF4B-00C04F79EFBC}") = "Scan2BIM2", "Scan2BIM2.csproj", "{858147F1-2EF3-429A-B35B-CBA0A061FE48}"
EndProject
Global
	GlobalSection(SolutionConfigurationPlatforms) = preSolution
		Debug|Any CPU = Debug|Any CPU
		Release|Any CPU = Release|Any CPU
	EndGlobalSection
	GlobalSection(ProjectConfigurationPlatforms) = postSolution
		{858147F1-2EF3-429A-B35B-CBA0A061FE48}.Debug|Any CPU.ActiveCfg = Debug|Any CPU
		{858147F1-2EF3-429A-B35B-CBA0A061FE48}.Debug|Any CPU.Build.0 = Debug|Any CPU
		{858147F1-2EF3-429A-B35B-CBA0A061FE48}.Release|Any CPU.ActiveCfg = Release|Any CPU
		{858147F1-2EF3-429A-B35B-CBA0A061FE48}.Release|Any CPU.Build.0 = Release|Any CPU
	EndGlobalSection
	GlobalSection(SolutionProperties) = preSolution
		HideSolutionNode = FALSE
	EndGlobalSection
	GlobalSection(ExtensibilityGlobals) = postSolution
		SolutionGuid = {BEDE2A04-3426-458D-884A-5322A4E8A418}
	EndGlobalSection
EndGlobal
